{
    "_meta": {
        "hash": {
            "sha256": "25ec00f1f73bce0dc974c2a706fb3ba5c077443844d9e13b40df6f937c91040f"
        },
        "pipfile-spec": 6,
        "requires": {
            "python_version": "3.9"
        },
        "sources": [
            {
                "name": "pypi",
                "url": "https://pypi.org/simple",
                "verify_ssl": true
            }
        ]
    },
    "default": {
        "py-pushover-simple": {
            "hashes": [
                "sha256:3239755a13e97ccaa5b3f13779df23bf64e5e8cbfc5dc5b9418344342f1a2893",
                "sha256:4000b1af0f0bcdc424d8ccb3339c54c69db853b80cb3e7f6d7bf30db4040b156"
            ],
            "index": "pypi",
            "version": "==0.1.3"
        }
    },
    "develop": {}
}
